
Microsoft Visual Studio Solution File, Format Version 12.00
Project("{FAE04EC0-301F-11D3-BF4B-00C04F79EFBC}") = "BookECommerce", "BookECommerce\BookECommerce.csproj", "{B2B55B49-A693-4F7F-A1D9-C2CD5BCB7D54}"
EndProject
Project("{FAE04EC0-301F-11D3-BF4B-00C04F79EFBC}") = "BookECommerce.Tests", "BookECommerce.Tests\BookECommerce.Tests.csproj", "{C54556F1-D8A6-4828-AF26-13B9A1F30E32}"
EndProject
Project("{FAE04EC0-301F-11D3-BF4B-00C04F79EFBC}") = "BookECommerce.DataAccess", "BookECommerce.DataAccess\BookECommerce.DataAccess.csproj", "{76DDC5DF-2447-4514-B120-FDC3AB3DB491}"
EndProject
Project("{FAE04EC0-301F-11D3-BF4B-00C04F79EFBC}") = "BookECommerce.Models", "BookECommerce.Models\BookECommerce.Models.csproj", "{61992C2E-751D-46A9-BBBF-C417AD919424}"
EndProject
Project("{FAE04EC0-301F-11D3-BF4B-00C04F79EFBC}") = "BookECommerce.Utility", "BookECommerce.Utility\BookECommerce.Utility.csproj", "{F7F256F5-C075-4A57-A36C-28AC7FA2C618}"
EndProject
Global
	GlobalSection(SolutionConfigurationPlatforms) = preSolution
		Debug|Any CPU = Debug|Any CPU
		Release|Any CPU = Release|Any CPU
	EndGlobalSection
	GlobalSection(ProjectConfigurationPlatforms) = postSolution
		{B2B55B49-A693-4F7F-A1D9-C2CD5BCB7D54}.Debug|Any CPU.ActiveCfg = Debug|Any CPU
		{B2B55B49-A693-4F7F-A1D9-C2CD5BCB7D54}.Debug|Any CPU.Build.0 = Debug|Any CPU
		{B2B55B49-A693-4F7F-A1D9-C2CD5BCB7D54}.Release|Any CPU.ActiveCfg = Release|Any CPU
		{B2B55B49-A693-4F7F-A1D9-C2CD5BCB7D54}.Release|Any CPU.Build.0 = Release|Any CPU
		{C54556F1-D8A6-4828-AF26-13B9A1F30E32}.Debug|Any CPU.ActiveCfg = Debug|Any CPU
		{C54556F1-D8A6-4828-AF26-13B9A1F30E32}.Debug|Any CPU.Build.0 = Debug|Any CPU
		{C54556F1-D8A6-4828-AF26-13B9A1F30E32}.Release|Any CPU.ActiveCfg = Release|Any CPU
		{C54556F1-D8A6-4828-AF26-13B9A1F30E32}.Release|Any CPU.Build.0 = Release|Any CPU
		{76DDC5DF-2447-4514-B120-FDC3AB3DB491}.Debug|Any CPU.ActiveCfg = Debug|Any CPU
		{76DDC5DF-2447-4514-B120-FDC3AB3DB491}.Debug|Any CPU.Build.0 = Debug|Any CPU
		{76DDC5DF-2447-4514-B120-FDC3AB3DB491}.Release|Any CPU.ActiveCfg = Release|Any CPU
		{76DDC5DF-2447-4514-B120-FDC3AB3DB491}.Release|Any CPU.Build.0 = Release|Any CPU
		{61992C2E-751D-46A9-BBBF-C417AD919424}.Debug|Any CPU.ActiveCfg = Debug|Any CPU
		{61992C2E-751D-46A9-BBBF-C417AD919424}.Debug|Any CPU.Build.0 = Debug|Any CPU
		{61992C2E-751D-46A9-BBBF-C417AD919424}.Release|Any CPU.ActiveCfg = Release|Any CPU
		{61992C2E-751D-46A9-BBBF-C417AD919424}.Release|Any CPU.Build.0 = Release|Any CPU
		{F7F256F5-C075-4A57-A36C-28AC7FA2C618}.Debug|Any CPU.ActiveCfg = Debug|Any CPU
		{F7F256F5-C075-4A57-A36C-28AC7FA2C618}.Debug|Any CPU.Build.0 = Debug|Any CPU
		{F7F256F5-C075-4A57-A36C-28AC7FA2C618}.Release|Any CPU.ActiveCfg = Release|Any CPU
		{F7F256F5-C075-4A57-A36C-28AC7FA2C618}.Release|Any CPU.Build.0 = Release|Any CPU
	EndGlobalSection
EndGlobal
